
Microsoft Visual Studio Solution File, Format Version 12.00
# Visual Studio 15
VisualStudioVersion = 15.0.28307.421
MinimumVisualStudioVersion = 10.0.40219.1
Project("{9A19103F-16F7-4668-BE54-9A1E7A4F7556}") = "Identity.API", "Identity.API\Identity.API.csproj", "{2EEF94DC-7766-451F-B0D0-EF4AEBB31094}"
EndProject
Project("{FAE04EC0-301F-11D3-BF4B-00C04F79EFBC}") = "Identity.Service", "Identity.Service\Identity.Service.csproj", "{A057B8AC-0319-455E-9859-20B120894D36}"
EndProject
Project("{FAE04EC0-301F-11D3-BF4B-00C04F79EFBC}") = "Identity.Domain", "Identity.Domain\Identity.Domain.csproj", "{056B3912-7D1D-4DDE-A502-574A9034741B}"
EndProject
Project("{FAE04EC0-301F-11D3-BF4B-00C04F79EFBC}") = "Identity.Core", "Identity.Core\Identity.Core.csproj", "{F1E6AF2E-645E-4C56-A44B-04621DDFCD66}"
EndProject
Project("{FAE04EC0-301F-11D3-BF4B-00C04F79EFBC}") = "Identity.Model", "Identity.Model\Identity.Model.csproj", "{703292A2-67F1-4B43-BB6B-CA0EFECC5C1B}"
EndProject
Global
	GlobalSection(SolutionConfigurationPlatforms) = preSolution
		Debug|Any CPU = Debug|Any CPU
		Release|Any CPU = Release|Any CPU
	EndGlobalSection
	GlobalSection(ProjectConfigurationPlatforms) = postSolution
		{2EEF94DC-7766-451F-B0D0-EF4AEBB31094}.Debug|Any CPU.ActiveCfg = Debug|Any CPU
		{2EEF94DC-7766-451F-B0D0-EF4AEBB31094}.Debug|Any CPU.Build.0 = Debug|Any CPU
		{2EEF94DC-7766-451F-B0D0-EF4AEBB31094}.Release|Any CPU.ActiveCfg = Release|Any CPU
		{2EEF94DC-7766-451F-B0D0-EF4AEBB31094}.Release|Any CPU.Build.0 = Release|Any CPU
		{A057B8AC-0319-455E-9859-20B120894D36}.Debug|Any CPU.ActiveCfg = Debug|Any CPU
		{A057B8AC-0319-455E-9859-20B120894D36}.Debug|Any CPU.Build.0 = Debug|Any CPU
		{A057B8AC-0319-455E-9859-20B120894D36}.Release|Any CPU.ActiveCfg = Release|Any CPU
		{A057B8AC-0319-455E-9859-20B120894D36}.Release|Any CPU.Build.0 = Release|Any CPU
		{056B3912-7D1D-4DDE-A502-574A9034741B}.Debug|Any CPU.ActiveCfg = Debug|Any CPU
		{056B3912-7D1D-4DDE-A502-574A9034741B}.Debug|Any CPU.Build.0 = Debug|Any CPU
		{056B3912-7D1D-4DDE-A502-574A9034741B}.Release|Any CPU.ActiveCfg = Release|Any CPU
		{056B3912-7D1D-4DDE-A502-574A9034741B}.Release|Any CPU.Build.0 = Release|Any CPU
		{F1E6AF2E-645E-4C56-A44B-04621DDFCD66}.Debug|Any CPU.ActiveCfg = Debug|Any CPU
		{F1E6AF2E-645E-4C56-A44B-04621DDFCD66}.Debug|Any CPU.Build.0 = Debug|Any CPU
		{F1E6AF2E-645E-4C56-A44B-04621DDFCD66}.Release|Any CPU.ActiveCfg = Release|Any CPU
		{F1E6AF2E-645E-4C56-A44B-04621DDFCD66}.Release|Any CPU.Build.0 = Release|Any CPU
		{703292A2-67F1-4B43-BB6B-CA0EFECC5C1B}.Debug|Any CPU.ActiveCfg = Debug|Any CPU
		{703292A2-67F1-4B43-BB6B-CA0EFECC5C1B}.Debug|Any CPU.Build.0 = Debug|Any CPU
		{703292A2-67F1-4B43-BB6B-CA0EFECC5C1B}.Release|Any CPU.ActiveCfg = Release|Any CPU
		{703292A2-67F1-4B43-BB6B-CA0EFECC5C1B}.Release|Any CPU.Build.0 = Release|Any CPU
	EndGlobalSection
	GlobalSection(SolutionProperties) = preSolution
		HideSolutionNode = FALSE
	EndGlobalSection
	GlobalSection(ExtensibilityGlobals) = postSolution
		SolutionGuid = {76A74013-E253-4B1C-8F19-0A2E201AB686}
	EndGlobalSection
EndGlobal
